PODS:
  - Flutter (1.0.0)
  - flutter_youtube_view (1.1.5):
    - Flutter
    - YoutubeKit
  - integration_test (0.0.1):
    - Flutter
  - YoutubeKit (0.5.0)

DEPENDENCIES:
  - Flutter (from `Flutter`)
  - flutter_youtube_view (from `.symlinks/plugins/flutter_youtube_view/ios`)
  - integration_test (from `.symlinks/plugins/integration_test/ios`)

SPEC REPOS:
  trunk:
    - YoutubeKit

EXTERNAL SOURCES:
  Flutter:
    :path: Flutter
  flutter_youtube_view:
    :path: ".symlinks/plugins/flutter_youtube_view/ios"
  integration_test:
    :path: ".symlinks/plugins/integration_test/ios"

SPEC CHECKSUMS:
  Flutter: 434fef37c0980e73bb6479ef766c45957d4b510c
  flutter_youtube_view: 3c23fb15294b3bde1f0c57c106c15fbd6bfeca7e
  integration_test: 5ed24a436eb7ec17b6a13046e9bf7ca4a404e59e
  YoutubeKit: 9f66eba839211158f2aac7ad3833593bd56fa8f9

PODFILE CHECKSUM: aafe91acc616949ddb318b77800a7f51bffa2a4c

COCOAPODS: 1.10.1
